<Solution>
  <Folder Name="/Authentication/src/">
    <Project Path="Authentication/src/Primitives.Authentication.AspNetCore/Primitives.Authentication.AspNetCore.csproj" />
    <Project Path="Authentication/src/Primitives.Authentication.Client/Primitives.Authentication.Client.csproj" />
    <Project Path="Authentication/src/Primitives.Authentication/Primitives.Authentication.csproj" />
  </Folder>
  <Folder Name="/Authentication/tests/">
    <Project Path="Authentication/tests/Primitives.Authentication.Tests/Primitives.Authentication.Tests.csproj" />
    <Project Path="Authentication/tests/Primitives.Authentication.Transport.Tests/Primitives.Authentication.Transport.Tests.csproj" />
  </Folder>
  <Folder Name="/Caching/src/">
    <Project Path="Caching/src/Primitives.Caching/Primitives.Caching.csproj" />
    <Project Path="Caching/src/Primitives.Caching.Redis/Primitives.Caching.Redis.csproj" />
  </Folder>
  <Folder Name="/Caching/tests/">
    <Project Path="Caching/tests/Primitives.Caching.Tests/Primitives.Caching.Tests.csproj" />
  </Folder>
  <Folder Name="/Messaging/src/">
    <Project Path="Messaging/src/Primitives.Messaging/Primitives.Messaging.csproj" />
    <Project Path="Messaging/src/Primitives.Messaging.RabbitMQ/Primitives.Messaging.RabbitMQ.csproj" />
  </Folder>
  <Folder Name="/Messaging/tests/">
    <Project Path="Messaging/tests/Primitives.Messaging.Tests/Primitives.Messaging.Tests.csproj" />
  </Folder>
</Solution>
