<Solution>
  <Folder Name="/Authentication/src/">
    <Project Path="Authentication/src/Primitives.Authentication.AspNetCore/Primitives.Authentication.AspNetCore.csproj" />
    <Project Path="Authentication/src/Primitives.Authentication.Client/Primitives.Authentication.Client.csproj" />
    <Project Path="Authentication/src/Primitives.Authentication/Primitives.Authentication.csproj" />
  </Folder>
  <Folder Name="/Authentication/tests/">
    <Project Path="Authentication/tests/Primitives.Authentication.Tests/Primitives.Authentication.Tests.csproj" />
    <Project Path="Authentication/tests/Primitives.Authentication.Transport.Tests/Primitives.Authentication.Transport.Tests.csproj" />
  </Folder>
</Solution>
