<Solution>
  <Folder Name="/src/">
    <Project Path="src/Primitives.Authentication.AspNetCore/Primitives.Authentication.AspNetCore.csproj" />
    <Project Path="src/Primitives.Authentication.Client/Primitives.Authentication.Client.csproj" />
    <Project Path="src/Primitives.Authentication/Primitives.Authentication.csproj" />
  </Folder>
  <Folder Name="/tests/">
    <Project Path="tests/Primitives.Authentication.Tests/Primitives.Authentication.Tests.csproj" />
    <Project Path="tests/Primitives.Authentication.Transport.Tests/Primitives.Authentication.Transport.Tests.csproj" />
  </Folder>
</Solution>
